{
  "nodes": {
    "crane": {
      "inputs": {
        "flake-compat": "flake-compat",
        "flake-utils": "flake-utils",
        "nix-std": "nix-std",
        "nixpkgs": [
          "nixpkgs"
        ]
      },
      "locked": {
        "lastModified": 1651426575,
        "narHash": "sha256-VC/eZhJjNDviiUnQaMHQcl9iqjEjnsHL434NYMTINBI=",
        "owner": "ipetkov",
        "repo": "crane",
        "rev": "f98c3c7ca739535d31468502d3a5ffa65143367c",
        "type": "github"
      },
      "original": {
        "owner": "ipetkov",
        "repo": "crane",
        "type": "github"
      }
    },
    "fenix": {
      "inputs": {
        "nixpkgs": [
          "nixpkgs"
        ],
        "rust-analyzer-src": "rust-analyzer-src"
      },
      "locked": {
        "lastModified": 1651904839,
        "narHash": "sha256-gOtq9g4JknCGfiKKG3Z81ZIpjzA7lHs+77a5eOZsA30=",
        "owner": "nix-community",
        "repo": "fenix",
        "rev": "fc75cd2a04c398c7f7f77e44b09776bf74198708",
        "type": "github"
      },
      "original": {
        "owner": "nix-community",
        "repo": "fenix",
        "type": "github"
      }
    },
    "flake-compat": {
      "flake": false,
      "locked": {
        "lastModified": 1650374568,
        "narHash": "sha256-Z+s0J8/r907g149rllvwhb4pKi8Wam5ij0st8PwAh+E=",
        "owner": "edolstra",
        "repo": "flake-compat",
        "rev": "b4a34015c698c7793d592d66adbab377907a2be8",
        "type": "github"
      },
      "original": {
        "owner": "edolstra",
        "repo": "flake-compat",
        "type": "github"
      }
    },
    "flake-utils": {
      "locked": {
        "lastModified": 1649676176,
        "narHash": "sha256-OWKJratjt2RW151VUlJPRALb7OU2S5s+f0vLj4o1bHM=",
        "owner": "numtide",
        "repo": "flake-utils",
        "rev": "a4b154ebbdc88c8498a5c7b01589addc9e9cb678",
        "type": "github"
      },
      "original": {
        "owner": "numtide",
        "repo": "flake-utils",
        "type": "github"
      }
    },
    "flake-utils_2": {
      "locked": {
        "lastModified": 1649676176,
        "narHash": "sha256-OWKJratjt2RW151VUlJPRALb7OU2S5s+f0vLj4o1bHM=",
        "owner": "numtide",
        "repo": "flake-utils",
        "rev": "a4b154ebbdc88c8498a5c7b01589addc9e9cb678",
        "type": "github"
      },
      "original": {
        "owner": "numtide",
        "repo": "flake-utils",
        "type": "github"
      }
    },
    "flake-utils_3": {
      "locked": {
        "lastModified": 1649676176,
        "narHash": "sha256-OWKJratjt2RW151VUlJPRALb7OU2S5s+f0vLj4o1bHM=",
        "owner": "numtide",
        "repo": "flake-utils",
        "rev": "a4b154ebbdc88c8498a5c7b01589addc9e9cb678",
        "type": "github"
      },
      "original": {
        "owner": "numtide",
        "repo": "flake-utils",
        "type": "github"
      }
    },
    "nix-std": {
      "locked": {
        "lastModified": 1647625366,
        "narHash": "sha256-jR4tpiQDs4GNJC6MzfrNyOFIhVH3o203qR+YNB++GYo=",
        "owner": "chessai",
        "repo": "nix-std",
        "rev": "8b8d32582e298da2c15b4c13ca48ba7994ef96df",
        "type": "github"
      },
      "original": {
        "owner": "chessai",
        "repo": "nix-std",
        "type": "github"
      }
    },
    "nixpkgs": {
      "locked": {
        "lastModified": 1651726670,
        "narHash": "sha256-dSGdzB49SEvdOJvrQWfQYkAefewXraHIV08Vz6iDXWQ=",
        "owner": "NixOS",
        "repo": "nixpkgs",
        "rev": "c777cdf5c564015d5f63b09cc93bef4178b19b01",
        "type": "github"
      },
      "original": {
        "id": "nixpkgs",
        "ref": "nixos-unstable",
        "type": "indirect"
      }
    },
    "nixpkgs_2": {
      "locked": {
        "lastModified": 1651726670,
        "narHash": "sha256-dSGdzB49SEvdOJvrQWfQYkAefewXraHIV08Vz6iDXWQ=",
        "owner": "NixOS",
        "repo": "nixpkgs",
        "rev": "c777cdf5c564015d5f63b09cc93bef4178b19b01",
        "type": "github"
      },
      "original": {
        "id": "nixpkgs",
        "ref": "nixos-unstable",
        "type": "indirect"
      }
    },
    "pose-data": {
      "inputs": {
        "flake-utils": "flake-utils_3",
        "nixpkgs": "nixpkgs_2"
      },
      "locked": {
        "lastModified": 1651972200,
        "narHash": "sha256-uhu2kdoGCY115WMj6IXcecT5BO+NbTIDM9dkEMCNbic=",
        "ref": "main",
        "rev": "18b535d0860572b0ac3a628bb344901b96cbcd7a",
        "revCount": 4,
        "type": "git",
        "url": "https://gitlab.nrp-nautilus.io/librareome/posenet/fake-pose-animation.git"
      },
      "original": {
        "ref": "main",
        "type": "git",
        "url": "https://gitlab.nrp-nautilus.io/librareome/posenet/fake-pose-animation.git"
      }
    },
    "pose-data": {
      "flake": false,
      "locked": {
        "lastModified": 1651951809,
        "narHash": "sha256-9uPGwXRLIyvg7QG3LwCLTHoD431dV2kx6XckFfUVcyg=",
        "ref": "main",
        "rev": "2af82a03d924244d8930e18cf30b038400e341d1",
        "revCount": 3,
        "type": "git",
        "url": "https://gitlab.nrp-nautilus.io/librareome/posenet/fake-pose-animation.git"
      },
      "original": {
        "ref": "main",
        "type": "git",
        "url": "https://gitlab.nrp-nautilus.io/librareome/posenet/fake-pose-animation.git"
      }
    },
    "proto": {
      "flake": false,
      "locked": {
        "lastModified": 1634663739,
        "narHash": "sha256-BELPTwDJt4jZf3vBvgdpvw750aQbnRY3xFpp1PqAVSA=",
        "ref": "main",
        "rev": "3e4d16718d976332f9fb76e70d91a528b383d246",
        "revCount": 18,
        "type": "git",
        "url": "https://gitlab.nrp-nautilus.io/librareome/posenet/posenet-proto.git"
      },
      "original": {
        "ref": "main",
        "type": "git",
        "url": "https://gitlab.nrp-nautilus.io/librareome/posenet/posenet-proto.git"
      }
    },
    "root": {
      "inputs": {
        "crane": "crane",
        "fenix": "fenix",
        "flake-utils": "flake-utils_2",
        "nixpkgs": "nixpkgs",
        "pose-data": "pose-data",
        "proto": "proto"
      }
    },
    "rust-analyzer-src": {
      "flake": false,
      "locked": {
        "lastModified": 1651855183,
        "narHash": "sha256-+TPGrCPENNsWkiyTPhuOqX5fIH0molVHHv42dZyX/jU=",
        "owner": "rust-lang",
        "repo": "rust-analyzer",
        "rev": "81b3e6d124db18cd6015b7d763addfd63e0bd54a",
        "type": "github"
      },
      "original": {
        "owner": "rust-lang",
        "ref": "nightly",
        "repo": "rust-analyzer",
        "type": "github"
      }
    }
  },
  "root": "root",
  "version": 7
}
