{
  "nodes": {
    "crane": {
      "locked": {
        "lastModified": 1768319649,
        "narHash": "sha256-VFkNyxHxkqGp8gf8kfFMW1j6XeBy609kv6TE9uF/0Js=",
        "owner": "ipetkov",
        "repo": "crane",
        "rev": "4b6527687cfd20da3c2ef8287e01b74c2d6c705b",
        "type": "github"
      },
      "original": {
        "owner": "ipetkov",
        "repo": "crane",
        "type": "github"
      }
    },
    "fenix": {
      "inputs": {
        "nixpkgs": [
          "nixpkgs"
        ],
        "rust-analyzer-src": "rust-analyzer-src"
      },
      "locked": {
        "lastModified": 1768459889,
        "narHash": "sha256-etlJ0Ga/GcvoJJJin+OrtrAlnbmlTc8zATa2QviGojw=",
        "owner": "nix-community",
        "repo": "fenix",
        "rev": "63cba4b8b05c90d158730f6ab1a77bd255c922a1",
        "type": "github"
      },
      "original": {
        "owner": "nix-community",
        "repo": "fenix",
        "type": "github"
      }
    },
    "flake-utils": {
      "inputs": {
        "systems": "systems"
      },
      "locked": {
        "lastModified": 1731533236,
        "narHash": "sha256-l0KFg5HjrsfsO/JpG+r7fRrqm12kzFHyUHqHCVpMMbI=",
        "owner": "numtide",
        "repo": "flake-utils",
        "rev": "11707dc2f618dd54ca8739b309ec4fc024de578b",
        "type": "github"
      },
      "original": {
        "owner": "numtide",
        "repo": "flake-utils",
        "type": "github"
      }
    },
    "nixpkgs": {
      "locked": {
        "lastModified": 1768305791,
        "narHash": "sha256-AIdl6WAn9aymeaH/NvBj0H9qM+XuAuYbGMZaP0zcXAQ=",
        "owner": "NixOS",
        "repo": "nixpkgs",
        "rev": "1412caf7bf9e660f2f962917c14b1ea1c3bc695e",
        "type": "github"
      },
      "original": {
        "id": "nixpkgs",
        "ref": "nixos-unstable",
        "type": "indirect"
      }
    },
    "pose-data": {
      "flake": false,
      "locked": {
        "lastModified": 1651972200,
        "narHash": "sha256-uhu2kdoGCY115WMj6IXcecT5BO+NbTIDM9dkEMCNbic=",
        "ref": "main",
        "rev": "18b535d0860572b0ac3a628bb344901b96cbcd7a",
        "revCount": 4,
        "type": "git",
        "url": "https://gitlab.nrp-nautilus.io/librareome/posenet/fake-pose-animation.git"
      },
      "original": {
        "ref": "main",
        "type": "git",
        "url": "https://gitlab.nrp-nautilus.io/librareome/posenet/fake-pose-animation.git"
      }
    },
    "proto": {
      "flake": false,
      "locked": {
        "lastModified": 1651784811,
        "narHash": "sha256-EtPEh9qK/utXr3b6nsIdzpncPRak/erepXHLiJi0APA=",
        "ref": "next",
        "rev": "db2998079c24cc742fcab72b5437a76cf2ce488f",
        "revCount": 26,
        "type": "git",
        "url": "https://gitlab.nrp-nautilus.io/librareome/posenet/posenet-proto.git"
      },
      "original": {
        "ref": "next",
        "type": "git",
        "url": "https://gitlab.nrp-nautilus.io/librareome/posenet/posenet-proto.git"
      }
    },
    "root": {
      "inputs": {
        "crane": "crane",
        "fenix": "fenix",
        "flake-utils": "flake-utils",
        "nixpkgs": "nixpkgs",
        "pose-data": "pose-data",
        "proto": "proto"
      }
    },
    "rust-analyzer-src": {
      "flake": false,
      "locked": {
        "lastModified": 1768420693,
        "narHash": "sha256-QQN/CQLZH5uDuYTb0v7Bmgx0Jiih1WC1VGiGUrlhIGo=",
        "owner": "rust-lang",
        "repo": "rust-analyzer",
        "rev": "04efa1de142e22c8a717e1c7d95c1fbc37d16a84",
        "type": "github"
      },
      "original": {
        "owner": "rust-lang",
        "ref": "nightly",
        "repo": "rust-analyzer",
        "type": "github"
      }
    },
    "systems": {
      "locked": {
        "lastModified": 1681028828,
        "narHash": "sha256-Vy1rq5AaRuLzOxct8nz4T6wlgyUR7zLU309k9mBC768=",
        "owner": "nix-systems",
        "repo": "default",
        "rev": "da67096a3b9bf56a91d16901293e51ba5b49a27e",
        "type": "github"
      },
      "original": {
        "owner": "nix-systems",
        "repo": "default",
        "type": "github"
      }
    }
  },
  "root": "root",
  "version": 7
}
